
Microsoft Visual Studio Solution File, Format Version 12.00
# Visual Studio Version 17
VisualStudioVersion = 17.7.34009.444
MinimumVisualStudioVersion = 10.0.40219.1
Project("{FAE04EC0-301F-11D3-BF4B-00C04F79EFBC}") = "WebApplicationTest", "WebApplicationTest\WebApplicationTest.csproj", "{2601CD76-AB3D-4173-8CB8-469E6BEB6B47}"
EndProject
Global
	GlobalSection(SolutionConfigurationPlatforms) = preSolution
		Debug|Any CPU = Debug|Any CPU
		Release|Any CPU = Release|Any CPU
	EndGlobalSection
	GlobalSection(ProjectConfigurationPlatforms) = postSolution
		{2601CD76-AB3D-4173-8CB8-469E6BEB6B47}.Debug|Any CPU.ActiveCfg = Debug|Any CPU
		{2601CD76-AB3D-4173-8CB8-469E6BEB6B47}.Debug|Any CPU.Build.0 = Debug|Any CPU
		{2601CD76-AB3D-4173-8CB8-469E6BEB6B47}.Release|Any CPU.ActiveCfg = Release|Any CPU
		{2601CD76-AB3D-4173-8CB8-469E6BEB6B47}.Release|Any CPU.Build.0 = Release|Any CPU
	EndGlobalSection
	GlobalSection(SolutionProperties) = preSolution
		HideSolutionNode = FALSE
	EndGlobalSection
	GlobalSection(ExtensibilityGlobals) = postSolution
		SolutionGuid = {932635B8-8A04-4B41-882D-295A297648ED}
	EndGlobalSection
EndGlobal
